
Microsoft Visual Studio Solution File, Format Version 12.00
# Visual Studio Version 17
VisualStudioVersion = 17.7.34031.279
MinimumVisualStudioVersion = 10.0.40219.1
Project("{F184B08F-C81C-45F6-A57F-5ABD9991F28F}") = "NasTool-Douban", "NasTool-Douban.vbproj", "{2EAE8B79-80A7-488F-BCE9-6C8876B9E275}"
EndProject
Global
	GlobalSection(SolutionConfigurationPlatforms) = preSolution
		Debug|Any CPU = Debug|Any CPU
		Release|Any CPU = Release|Any CPU
	EndGlobalSection
	GlobalSection(ProjectConfigurationPlatforms) = postSolution
		{2EAE8B79-80A7-488F-BCE9-6C8876B9E275}.Debug|Any CPU.ActiveCfg = Debug|Any CPU
		{2EAE8B79-80A7-488F-BCE9-6C8876B9E275}.Debug|Any CPU.Build.0 = Debug|Any CPU
		{2EAE8B79-80A7-488F-BCE9-6C8876B9E275}.Release|Any CPU.ActiveCfg = Release|Any CPU
		{2EAE8B79-80A7-488F-BCE9-6C8876B9E275}.Release|Any CPU.Build.0 = Release|Any CPU
	EndGlobalSection
	GlobalSection(SolutionProperties) = preSolution
		HideSolutionNode = FALSE
	EndGlobalSection
	GlobalSection(ExtensibilityGlobals) = postSolution
		SolutionGuid = {383A705A-9EBF-4E52-8534-CB3D2F9A1A41}
	EndGlobalSection
EndGlobal
